<Solution>
  <Project Path="Forge.Common/Forge.Common.csproj" Id="cecf5a35-15b7-45f2-aadc-56ee8b550f06" />
  <Project Path="Forge.Database/Forge.Database.csproj" Id="00d851e1-527b-4cb4-92f7-dcd9407b555d" />
  <Project Path="Forge.Realtime/Forge.Realtime.csproj" />
  <Project Path="Forge.Application/Forge.Application.csproj" />
  <Project Path="Forge.Desk.WebApi/Forge.Desk.WebApi.csproj" />
</Solution>
